
Microsoft Visual Studio Solution File, Format Version 12.00
# Visual Studio Version 17
VisualStudioVersion = 17.13.35931.197
MinimumVisualStudioVersion = 10.0.40219.1
Project("{2150E333-8FDC-42A3-9474-1A3956D46DE8}") = "Domain", "Domain", "{02EA681E-C7D8-13C7-8484-4AC65E1B71E8}"
EndProject
Project("{2150E333-8FDC-42A3-9474-1A3956D46DE8}") = "Infra.Bus", "Infra.Bus", "{C9043E93-A768-42BA-B89E-53BDAF28F205}"
EndProject
Project("{2150E333-8FDC-42A3-9474-1A3956D46DE8}") = "Infra.IoC", "Infra.IoC", "{0B085470-62CB-44E2-B40E-5BAFD6FB7ED2}"
EndProject
Project("{2150E333-8FDC-42A3-9474-1A3956D46DE8}") = "Microservices", "Microservices", "{BF6C468F-758B-479A-8C45-FA8446D85324}"
EndProject
Project("{2150E333-8FDC-42A3-9474-1A3956D46DE8}") = "Presentation", "Presentation", "{9135B491-F1E7-4576-B5D7-3EB97BAA8C25}"
EndProject
Project("{FAE04EC0-301F-11D3-BF4B-00C04F79EFBC}") = "MicroRabbit.Domain.Core", "MicroRabbit.Domain.Core\MicroRabbit.Domain.Core.csproj", "{ECCA0219-E304-45C3-A37B-EE27380C912D}"
EndProject
Project("{FAE04EC0-301F-11D3-BF4B-00C04F79EFBC}") = "MicroRabbit.Infra.Bus", "MicroRabbit.Infra.Bus\MicroRabbit.Infra.Bus.csproj", "{7CC91329-4E22-497A-A9C4-5A39702A2982}"
EndProject
Project("{FAE04EC0-301F-11D3-BF4B-00C04F79EFBC}") = "MicroRabbit.Infra.IoC", "MicroRabbit.Infra.IoC\MicroRabbit.Infra.IoC.csproj", "{192C230F-318B-4466-BBE1-5CCCB1CC3E40}"
EndProject
Project("{2150E333-8FDC-42A3-9474-1A3956D46DE8}") = "Banking", "Banking", "{DDBF3304-1299-4D69-BF68-86D205B7BFF2}"
EndProject
Project("{2150E333-8FDC-42A3-9474-1A3956D46DE8}") = "Api", "Api", "{6F67583C-53BA-4940-ABDC-12DF172AE2C1}"
EndProject
Project("{2150E333-8FDC-42A3-9474-1A3956D46DE8}") = "Domain", "Domain", "{411D9F02-3A0D-451B-B5E5-EBAE52206356}"
EndProject
Project("{2150E333-8FDC-42A3-9474-1A3956D46DE8}") = "Application", "Application", "{1DE65A81-4C5A-4C20-A4EB-7566E584D802}"
EndProject
Project("{2150E333-8FDC-42A3-9474-1A3956D46DE8}") = "Data", "Data", "{F6BC250B-2472-468A-97C9-60BC932112B8}"
EndProject
Project("{FAE04EC0-301F-11D3-BF4B-00C04F79EFBC}") = "MicroRabbit.Banking.Api", "MicroRabbit.Banking.Api\MicroRabbit.Banking.Api.csproj", "{9BFD3FEE-05F8-4269-B2C5-CDCECF6EBE74}"
EndProject
Project("{FAE04EC0-301F-11D3-BF4B-00C04F79EFBC}") = "MicroRabbit.Banking.Application", "MicroRabbit.Banking.Application\MicroRabbit.Banking.Application.csproj", "{FCF201EB-0790-4148-91BB-CE103158B04C}"
EndProject
Project("{FAE04EC0-301F-11D3-BF4B-00C04F79EFBC}") = "MicroRabbit.Banking.Data", "MicroRabbit.Banking.Data\MicroRabbit.Banking.Data.csproj", "{3890B6BA-FFF3-442A-80AB-629DB4A1CA23}"
EndProject
Project("{FAE04EC0-301F-11D3-BF4B-00C04F79EFBC}") = "MicroRabbit.Banking.Domain", "MicroRabbit.Banking.Domain\MicroRabbit.Banking.Domain.csproj", "{DAB46D41-349D-4F19-834C-8EFF7561CC3B}"
EndProject
Project("{2150E333-8FDC-42A3-9474-1A3956D46DE8}") = "Transfer", "Transfer", "{DA0A8734-EF89-41C3-BAFB-3147BF388141}"
EndProject
Project("{2150E333-8FDC-42A3-9474-1A3956D46DE8}") = "Api", "Api", "{827FFB4D-B355-41BF-89E4-353971918DCF}"
EndProject
Project("{2150E333-8FDC-42A3-9474-1A3956D46DE8}") = "Application", "Application", "{AAF46467-529C-44A9-9EEB-CF7692DFA75A}"
EndProject
Project("{2150E333-8FDC-42A3-9474-1A3956D46DE8}") = "Data", "Data", "{BCA43154-4571-4B64-B677-EB2CFD233AF2}"
EndProject
Project("{2150E333-8FDC-42A3-9474-1A3956D46DE8}") = "Domain", "Domain", "{5F8064CF-C568-44A3-973B-4D476A744908}"
EndProject
Project("{FAE04EC0-301F-11D3-BF4B-00C04F79EFBC}") = "MicroRabbit.Transfer.Api", "MicroRabbit.Transfer.Api\MicroRabbit.Transfer.Api.csproj", "{AD25C15C-BA8D-4D35-BA20-63C8A6EDCAFC}"
EndProject
Project("{FAE04EC0-301F-11D3-BF4B-00C04F79EFBC}") = "MicroRabbit.Transfer.Application", "MicroRabbit.Transfer.Application\MicroRabbit.Transfer.Application.csproj", "{AFC9F9C3-B435-4527-A22A-C7AAA525F554}"
EndProject
Project("{FAE04EC0-301F-11D3-BF4B-00C04F79EFBC}") = "MicroRabbit.Transfer.Domain", "MicroRabbit.Transfer.Domain\MicroRabbit.Transfer.Domain.csproj", "{FA754E5C-9A50-4F95-8814-C57F1CF4E84F}"
EndProject
Project("{FAE04EC0-301F-11D3-BF4B-00C04F79EFBC}") = "MicroRabbit.Transfer.Data", "MicroRabbit.Transfer.Data\MicroRabbit.Transfer.Data.csproj", "{FD4B0591-35FC-44E4-BC07-9AB78E305693}"
EndProject
Global
	GlobalSection(SolutionConfigurationPlatforms) = preSolution
		Debug|Any CPU = Debug|Any CPU
		Release|Any CPU = Release|Any CPU
	EndGlobalSection
	GlobalSection(ProjectConfigurationPlatforms) = postSolution
		{ECCA0219-E304-45C3-A37B-EE27380C912D}.Debug|Any CPU.ActiveCfg = Debug|Any CPU
		{ECCA0219-E304-45C3-A37B-EE27380C912D}.Debug|Any CPU.Build.0 = Debug|Any CPU
		{ECCA0219-E304-45C3-A37B-EE27380C912D}.Release|Any CPU.ActiveCfg = Release|Any CPU
		{ECCA0219-E304-45C3-A37B-EE27380C912D}.Release|Any CPU.Build.0 = Release|Any CPU
		{7CC91329-4E22-497A-A9C4-5A39702A2982}.Debug|Any CPU.ActiveCfg = Debug|Any CPU
		{7CC91329-4E22-497A-A9C4-5A39702A2982}.Debug|Any CPU.Build.0 = Debug|Any CPU
		{7CC91329-4E22-497A-A9C4-5A39702A2982}.Release|Any CPU.ActiveCfg = Release|Any CPU
		{7CC91329-4E22-497A-A9C4-5A39702A2982}.Release|Any CPU.Build.0 = Release|Any CPU
		{192C230F-318B-4466-BBE1-5CCCB1CC3E40}.Debug|Any CPU.ActiveCfg = Debug|Any CPU
		{192C230F-318B-4466-BBE1-5CCCB1CC3E40}.Debug|Any CPU.Build.0 = Debug|Any CPU
		{192C230F-318B-4466-BBE1-5CCCB1CC3E40}.Release|Any CPU.ActiveCfg = Release|Any CPU
		{192C230F-318B-4466-BBE1-5CCCB1CC3E40}.Release|Any CPU.Build.0 = Release|Any CPU
		{9BFD3FEE-05F8-4269-B2C5-CDCECF6EBE74}.Debug|Any CPU.ActiveCfg = Debug|Any CPU
		{9BFD3FEE-05F8-4269-B2C5-CDCECF6EBE74}.Debug|Any CPU.Build.0 = Debug|Any CPU
		{9BFD3FEE-05F8-4269-B2C5-CDCECF6EBE74}.Release|Any CPU.ActiveCfg = Release|Any CPU
		{9BFD3FEE-05F8-4269-B2C5-CDCECF6EBE74}.Release|Any CPU.Build.0 = Release|Any CPU
		{FCF201EB-0790-4148-91BB-CE103158B04C}.Debug|Any CPU.ActiveCfg = Debug|Any CPU
		{FCF201EB-0790-4148-91BB-CE103158B04C}.Debug|Any CPU.Build.0 = Debug|Any CPU
		{FCF201EB-0790-4148-91BB-CE103158B04C}.Release|Any CPU.ActiveCfg = Release|Any CPU
		{FCF201EB-0790-4148-91BB-CE103158B04C}.Release|Any CPU.Build.0 = Release|Any CPU
		{3890B6BA-FFF3-442A-80AB-629DB4A1CA23}.Debug|Any CPU.ActiveCfg = Debug|Any CPU
		{3890B6BA-FFF3-442A-80AB-629DB4A1CA23}.Debug|Any CPU.Build.0 = Debug|Any CPU
		{3890B6BA-FFF3-442A-80AB-629DB4A1CA23}.Release|Any CPU.ActiveCfg = Release|Any CPU
		{3890B6BA-FFF3-442A-80AB-629DB4A1CA23}.Release|Any CPU.Build.0 = Release|Any CPU
		{DAB46D41-349D-4F19-834C-8EFF7561CC3B}.Debug|Any CPU.ActiveCfg = Debug|Any CPU
		{DAB46D41-349D-4F19-834C-8EFF7561CC3B}.Debug|Any CPU.Build.0 = Debug|Any CPU
		{DAB46D41-349D-4F19-834C-8EFF7561CC3B}.Release|Any CPU.ActiveCfg = Release|Any CPU
		{DAB46D41-349D-4F19-834C-8EFF7561CC3B}.Release|Any CPU.Build.0 = Release|Any CPU
		{AD25C15C-BA8D-4D35-BA20-63C8A6EDCAFC}.Debug|Any CPU.ActiveCfg = Debug|Any CPU
		{AD25C15C-BA8D-4D35-BA20-63C8A6EDCAFC}.Debug|Any CPU.Build.0 = Debug|Any CPU
		{AD25C15C-BA8D-4D35-BA20-63C8A6EDCAFC}.Release|Any CPU.ActiveCfg = Release|Any CPU
		{AD25C15C-BA8D-4D35-BA20-63C8A6EDCAFC}.Release|Any CPU.Build.0 = Release|Any CPU
		{AFC9F9C3-B435-4527-A22A-C7AAA525F554}.Debug|Any CPU.ActiveCfg = Debug|Any CPU
		{AFC9F9C3-B435-4527-A22A-C7AAA525F554}.Debug|Any CPU.Build.0 = Debug|Any CPU
		{AFC9F9C3-B435-4527-A22A-C7AAA525F554}.Release|Any CPU.ActiveCfg = Release|Any CPU
		{AFC9F9C3-B435-4527-A22A-C7AAA525F554}.Release|Any CPU.Build.0 = Release|Any CPU
		{FA754E5C-9A50-4F95-8814-C57F1CF4E84F}.Debug|Any CPU.ActiveCfg = Debug|Any CPU
		{FA754E5C-9A50-4F95-8814-C57F1CF4E84F}.Debug|Any CPU.Build.0 = Debug|Any CPU
		{FA754E5C-9A50-4F95-8814-C57F1CF4E84F}.Release|Any CPU.ActiveCfg = Release|Any CPU
		{FA754E5C-9A50-4F95-8814-C57F1CF4E84F}.Release|Any CPU.Build.0 = Release|Any CPU
		{FD4B0591-35FC-44E4-BC07-9AB78E305693}.Debug|Any CPU.ActiveCfg = Debug|Any CPU
		{FD4B0591-35FC-44E4-BC07-9AB78E305693}.Debug|Any CPU.Build.0 = Debug|Any CPU
		{FD4B0591-35FC-44E4-BC07-9AB78E305693}.Release|Any CPU.ActiveCfg = Release|Any CPU
		{FD4B0591-35FC-44E4-BC07-9AB78E305693}.Release|Any CPU.Build.0 = Release|Any CPU
	EndGlobalSection
	GlobalSection(SolutionProperties) = preSolution
		HideSolutionNode = FALSE
	EndGlobalSection
	GlobalSection(NestedProjects) = preSolution
		{ECCA0219-E304-45C3-A37B-EE27380C912D} = {02EA681E-C7D8-13C7-8484-4AC65E1B71E8}
		{7CC91329-4E22-497A-A9C4-5A39702A2982} = {C9043E93-A768-42BA-B89E-53BDAF28F205}
		{192C230F-318B-4466-BBE1-5CCCB1CC3E40} = {0B085470-62CB-44E2-B40E-5BAFD6FB7ED2}
		{DDBF3304-1299-4D69-BF68-86D205B7BFF2} = {BF6C468F-758B-479A-8C45-FA8446D85324}
		{6F67583C-53BA-4940-ABDC-12DF172AE2C1} = {DDBF3304-1299-4D69-BF68-86D205B7BFF2}
		{411D9F02-3A0D-451B-B5E5-EBAE52206356} = {DDBF3304-1299-4D69-BF68-86D205B7BFF2}
		{1DE65A81-4C5A-4C20-A4EB-7566E584D802} = {DDBF3304-1299-4D69-BF68-86D205B7BFF2}
		{F6BC250B-2472-468A-97C9-60BC932112B8} = {DDBF3304-1299-4D69-BF68-86D205B7BFF2}
		{9BFD3FEE-05F8-4269-B2C5-CDCECF6EBE74} = {6F67583C-53BA-4940-ABDC-12DF172AE2C1}
		{FCF201EB-0790-4148-91BB-CE103158B04C} = {1DE65A81-4C5A-4C20-A4EB-7566E584D802}
		{3890B6BA-FFF3-442A-80AB-629DB4A1CA23} = {F6BC250B-2472-468A-97C9-60BC932112B8}
		{DAB46D41-349D-4F19-834C-8EFF7561CC3B} = {411D9F02-3A0D-451B-B5E5-EBAE52206356}
		{DA0A8734-EF89-41C3-BAFB-3147BF388141} = {BF6C468F-758B-479A-8C45-FA8446D85324}
		{827FFB4D-B355-41BF-89E4-353971918DCF} = {DA0A8734-EF89-41C3-BAFB-3147BF388141}
		{AAF46467-529C-44A9-9EEB-CF7692DFA75A} = {DA0A8734-EF89-41C3-BAFB-3147BF388141}
		{BCA43154-4571-4B64-B677-EB2CFD233AF2} = {DA0A8734-EF89-41C3-BAFB-3147BF388141}
		{5F8064CF-C568-44A3-973B-4D476A744908} = {DA0A8734-EF89-41C3-BAFB-3147BF388141}
		{AD25C15C-BA8D-4D35-BA20-63C8A6EDCAFC} = {827FFB4D-B355-41BF-89E4-353971918DCF}
		{AFC9F9C3-B435-4527-A22A-C7AAA525F554} = {AAF46467-529C-44A9-9EEB-CF7692DFA75A}
		{FA754E5C-9A50-4F95-8814-C57F1CF4E84F} = {5F8064CF-C568-44A3-973B-4D476A744908}
		{FD4B0591-35FC-44E4-BC07-9AB78E305693} = {BCA43154-4571-4B64-B677-EB2CFD233AF2}
	EndGlobalSection
	GlobalSection(ExtensibilityGlobals) = postSolution
		SolutionGuid = {E87A7367-BFD0-4310-BEA9-BEA23CE37164}
	EndGlobalSection
EndGlobal
