
Microsoft Visual Studio Solution File, Format Version 12.00
# Visual Studio Version 17
VisualStudioVersion = 17.13.35931.197
MinimumVisualStudioVersion = 10.0.40219.1
Project("{2150E333-8FDC-42A3-9474-1A3956D46DE8}") = "Domain", "Domain", "{02EA681E-C7D8-13C7-8484-4AC65E1B71E8}"
EndProject
Project("{2150E333-8FDC-42A3-9474-1A3956D46DE8}") = "Infra.Bus", "Infra.Bus", "{C9043E93-A768-42BA-B89E-53BDAF28F205}"
EndProject
Project("{2150E333-8FDC-42A3-9474-1A3956D46DE8}") = "Infra.IoC", "Infra.IoC", "{0B085470-62CB-44E2-B40E-5BAFD6FB7ED2}"
EndProject
Project("{2150E333-8FDC-42A3-9474-1A3956D46DE8}") = "Microservices", "Microservices", "{BF6C468F-758B-479A-8C45-FA8446D85324}"
EndProject
Project("{2150E333-8FDC-42A3-9474-1A3956D46DE8}") = "Presentation", "Presentation", "{9135B491-F1E7-4576-B5D7-3EB97BAA8C25}"
EndProject
Project("{FAE04EC0-301F-11D3-BF4B-00C04F79EFBC}") = "MicroRabbit.Domain.Core", "MicroRabbit.Domain.Core\MicroRabbit.Domain.Core.csproj", "{ECCA0219-E304-45C3-A37B-EE27380C912D}"
EndProject
Project("{FAE04EC0-301F-11D3-BF4B-00C04F79EFBC}") = "MicroRabbit.Infra.Bus", "MicroRabbit.Infra.Bus\MicroRabbit.Infra.Bus.csproj", "{7CC91329-4E22-497A-A9C4-5A39702A2982}"
EndProject
Global
	GlobalSection(SolutionConfigurationPlatforms) = preSolution
		Debug|Any CPU = Debug|Any CPU
		Release|Any CPU = Release|Any CPU
	EndGlobalSection
	GlobalSection(ProjectConfigurationPlatforms) = postSolution
		{ECCA0219-E304-45C3-A37B-EE27380C912D}.Debug|Any CPU.ActiveCfg = Debug|Any CPU
		{ECCA0219-E304-45C3-A37B-EE27380C912D}.Debug|Any CPU.Build.0 = Debug|Any CPU
		{ECCA0219-E304-45C3-A37B-EE27380C912D}.Release|Any CPU.ActiveCfg = Release|Any CPU
		{ECCA0219-E304-45C3-A37B-EE27380C912D}.Release|Any CPU.Build.0 = Release|Any CPU
		{7CC91329-4E22-497A-A9C4-5A39702A2982}.Debug|Any CPU.ActiveCfg = Debug|Any CPU
		{7CC91329-4E22-497A-A9C4-5A39702A2982}.Debug|Any CPU.Build.0 = Debug|Any CPU
		{7CC91329-4E22-497A-A9C4-5A39702A2982}.Release|Any CPU.ActiveCfg = Release|Any CPU
		{7CC91329-4E22-497A-A9C4-5A39702A2982}.Release|Any CPU.Build.0 = Release|Any CPU
	EndGlobalSection
	GlobalSection(SolutionProperties) = preSolution
		HideSolutionNode = FALSE
	EndGlobalSection
	GlobalSection(NestedProjects) = preSolution
		{ECCA0219-E304-45C3-A37B-EE27380C912D} = {02EA681E-C7D8-13C7-8484-4AC65E1B71E8}
		{7CC91329-4E22-497A-A9C4-5A39702A2982} = {C9043E93-A768-42BA-B89E-53BDAF28F205}
	EndGlobalSection
	GlobalSection(ExtensibilityGlobals) = postSolution
		SolutionGuid = {E87A7367-BFD0-4310-BEA9-BEA23CE37164}
	EndGlobalSection
EndGlobal
